
Microsoft Visual Studio Solution File, Format Version 12.00
# Visual Studio 15
VisualStudioVersion = 15.0.28307.489
MinimumVisualStudioVersion = 10.0.40219.1
Project("{FAE04EC0-301F-11D3-BF4B-00C04F79EFBC}") = "Basic", "Basic\Basic.csproj", "{DF142B96-4EA2-4E67-8E9B-A6333DBD47F6}"
EndProject
Project("{FAE04EC0-301F-11D3-BF4B-00C04F79EFBC}") = "BasicTest", "BasicTest\BasicTest.csproj", "{9210A61D-167C-4C02-B451-0B9E9514E196}"
EndProject
Global
	GlobalSection(SolutionConfigurationPlatforms) = preSolution
		Debug|Any CPU = Debug|Any CPU
		Release|Any CPU = Release|Any CPU
	EndGlobalSection
	GlobalSection(ProjectConfigurationPlatforms) = postSolution
		{DF142B96-4EA2-4E67-8E9B-A6333DBD47F6}.Debug|Any CPU.ActiveCfg = Debug|Any CPU
		{DF142B96-4EA2-4E67-8E9B-A6333DBD47F6}.Debug|Any CPU.Build.0 = Debug|Any CPU
		{DF142B96-4EA2-4E67-8E9B-A6333DBD47F6}.Release|Any CPU.ActiveCfg = Release|Any CPU
		{DF142B96-4EA2-4E67-8E9B-A6333DBD47F6}.Release|Any CPU.Build.0 = Release|Any CPU
		{9210A61D-167C-4C02-B451-0B9E9514E196}.Debug|Any CPU.ActiveCfg = Debug|Any CPU
		{9210A61D-167C-4C02-B451-0B9E9514E196}.Debug|Any CPU.Build.0 = Debug|Any CPU
		{9210A61D-167C-4C02-B451-0B9E9514E196}.Release|Any CPU.ActiveCfg = Release|Any CPU
		{9210A61D-167C-4C02-B451-0B9E9514E196}.Release|Any CPU.Build.0 = Release|Any CPU
	EndGlobalSection
	GlobalSection(SolutionProperties) = preSolution
		HideSolutionNode = FALSE
	EndGlobalSection
	GlobalSection(ExtensibilityGlobals) = postSolution
		SolutionGuid = {C46BA4D0-B525-4E14-84DF-EDB00A294294}
	EndGlobalSection
EndGlobal
